
Microsoft Visual Studio Solution File, Format Version 12.00
# Visual Studio Version 16
VisualStudioVersion = 16.0.28917.181
MinimumVisualStudioVersion = 10.0.40219.1
Project("{FAE04EC0-301F-11D3-BF4B-00C04F79EFBC}") = "Xrm.DataManager.Framework", "Xrm.DataManager.Framework\Xrm.DataManager.Framework.csproj", "{5427603E-BB3F-48D2-9004-0C202F21C945}"
EndProject
Project("{FAE04EC0-301F-11D3-BF4B-00C04F79EFBC}") = "Xrm.DataManager.Framework.Tests", "Xrm.DataManager.Framework.Tests\Xrm.DataManager.Framework.Tests.csproj", "{5678E59D-43C9-4B1F-A820-222362DD3548}"
EndProject
Global
	GlobalSection(SolutionConfigurationPlatforms) = preSolution
		Debug|Any CPU = Debug|Any CPU
		Release|Any CPU = Release|Any CPU
	EndGlobalSection
	GlobalSection(ProjectConfigurationPlatforms) = postSolution
		{5427603E-BB3F-48D2-9004-0C202F21C945}.Debug|Any CPU.ActiveCfg = Debug|Any CPU
		{5427603E-BB3F-48D2-9004-0C202F21C945}.Debug|Any CPU.Build.0 = Debug|Any CPU
		{5427603E-BB3F-48D2-9004-0C202F21C945}.Release|Any CPU.ActiveCfg = Release|Any CPU
		{5427603E-BB3F-48D2-9004-0C202F21C945}.Release|Any CPU.Build.0 = Release|Any CPU
		{5678E59D-43C9-4B1F-A820-222362DD3548}.Debug|Any CPU.ActiveCfg = Debug|Any CPU
		{5678E59D-43C9-4B1F-A820-222362DD3548}.Debug|Any CPU.Build.0 = Debug|Any CPU
		{5678E59D-43C9-4B1F-A820-222362DD3548}.Release|Any CPU.ActiveCfg = Release|Any CPU
		{5678E59D-43C9-4B1F-A820-222362DD3548}.Release|Any CPU.Build.0 = Release|Any CPU
	EndGlobalSection
	GlobalSection(SolutionProperties) = preSolution
		HideSolutionNode = FALSE
	EndGlobalSection
	GlobalSection(ExtensibilityGlobals) = postSolution
		SolutionGuid = {F0197D20-D234-4A25-8851-A4802AF80C17}
	EndGlobalSection
EndGlobal
